// !$*UTF8*$!
{
	archiveVersion = 1;
	classes = {
	};
	objectVersion = 55;
	objects = {

/* Begin PBXBuildFile section */
		0B6EB9AD28DA88FF008E63EC /* EditReelView.swift in Sources */ = {isa = PBXBuildFile; fileRef = 0B6EB9AC28DA88FF008E63EC /* EditReelView.swift */; };
		0B6EB9AF28DAFCA2008E63EC /* EditReelView-ViewModel.swift in Sources */ = {isa = PBXBuildFile; fileRef = 0B6EB9AE28DAFCA2008E63EC /* EditReelView-ViewModel.swift */; };
		0B96D2EF28D9461B00932B72 /* TheListApp.swift in Sources */ = {isa = PBXBuildFile; fileRef = 0B96D2EE28D9461B00932B72 /* TheListApp.swift */; };
		0B96D2F128D9461B00932B72 /* ContentView.swift in Sources */ = {isa = PBXBuildFile; fileRef = 0B96D2F028D9461B00932B72 /* ContentView.swift */; };
		0B96D2F328D9461C00932B72 /* Assets.xcassets in Resources */ = {isa = PBXBuildFile; fileRef = 0B96D2F228D9461C00932B72 /* Assets.xcassets */; };
		0B96D2F628D9461C00932B72 /* Preview Assets.xcassets in Resources */ = {isa = PBXBuildFile; fileRef = 0B96D2F528D9461C00932B72 /* Preview Assets.xcassets */; };
		0B96D2FB28D9461C00932B72 /* TheList.xcdatamodeld in Sources */ = {isa = PBXBuildFile; fileRef = 0B96D2F928D9461C00932B72 /* TheList.xcdatamodeld */; };
		0B96D30228D9537700932B72 /* NavButton.swift in Sources */ = {isa = PBXBuildFile; fileRef = 0B96D30128D9537700932B72 /* NavButton.swift */; };
		0B96D30428D974F700932B72 /* FloatingButton.swift in Sources */ = {isa = PBXBuildFile; fileRef = 0B96D30328D974F700932B72 /* FloatingButton.swift */; };
		0B96D30628D97D9700932B72 /* MissionControlButton.swift in Sources */ = {isa = PBXBuildFile; fileRef = 0B96D30528D97D9700932B72 /* MissionControlButton.swift */; };
		0B96D30C28D9B20200932B72 /* ReelCameraViewController.swift in Sources */ = {isa = PBXBuildFile; fileRef = 0B96D30B28D9B20200932B72 /* ReelCameraViewController.swift */; };
		0B96D30F28D9B28900932B72 /* CameraService.swift in Sources */ = {isa = PBXBuildFile; fileRef = 0B96D30E28D9B28900932B72 /* CameraService.swift */; };
		0B96D31128D9BDC200932B72 /* CameraView.swift in Sources */ = {isa = PBXBuildFile; fileRef = 0B96D31028D9BDC200932B72 /* CameraView.swift */; };
		0B96D31428DA147900932B72 /* ContentView-ViewModel.swift in Sources */ = {isa = PBXBuildFile; fileRef = 0B96D31328DA147900932B72 /* ContentView-ViewModel.swift */; };
		0B96D31628DA18B600932B72 /* CameraView-ViewModel.swift in Sources */ = {isa = PBXBuildFile; fileRef = 0B96D31528DA18B600932B72 /* CameraView-ViewModel.swift */; };
		0BAC551228DB109100BBAE82 /* Reel.swift in Sources */ = {isa = PBXBuildFile; fileRef = 0BAC551128DB109100BBAE82 /* Reel.swift */; };
		0BAC551428DB116500BBAE82 /* LinkedProduct.swift in Sources */ = {isa = PBXBuildFile; fileRef = 0BAC551328DB116500BBAE82 /* LinkedProduct.swift */; };
		0BAC551628DB117400BBAE82 /* Product.swift in Sources */ = {isa = PBXBuildFile; fileRef = 0BAC551528DB117400BBAE82 /* Product.swift */; };
		0BAC551928DB171600BBAE82 /* API-Constants.swift in Sources */ = {isa = PBXBuildFile; fileRef = 0BAC551828DB171600BBAE82 /* API-Constants.swift */; };
		0BAC551B28DB3C6A00BBAE82 /* ViewExtensions.swift in Sources */ = {isa = PBXBuildFile; fileRef = 0BAC551A28DB3C6A00BBAE82 /* ViewExtensions.swift */; };
		0BAC551D28DB44E400BBAE82 /* EditReelDescriptionView.swift in Sources */ = {isa = PBXBuildFile; fileRef = 0BAC551C28DB44E400BBAE82 /* EditReelDescriptionView.swift */; };
		0BAC552328DB712700BBAE82 /* TapToRemoveKeyboard.swift in Sources */ = {isa = PBXBuildFile; fileRef = 0BAC552228DB712700BBAE82 /* TapToRemoveKeyboard.swift */; };
		0BAC552528DB714000BBAE82 /* ViewControllerHolder.swift in Sources */ = {isa = PBXBuildFile; fileRef = 0BAC552428DB714000BBAE82 /* ViewControllerHolder.swift */; };
		0BAC552728DB93A500BBAE82 /* TextEditorExtension.swift in Sources */ = {isa = PBXBuildFile; fileRef = 0BAC552628DB93A500BBAE82 /* TextEditorExtension.swift */; };
		0BAC552A28DBC7D600BBAE82 /* ProductListView-ViewModel.swift in Sources */ = {isa = PBXBuildFile; fileRef = 0BAC552928DBC7D600BBAE82 /* ProductListView-ViewModel.swift */; };
		0BAC552D28DBC8DB00BBAE82 /* ProductListView.swift in Sources */ = {isa = PBXBuildFile; fileRef = 0BAC552C28DBC8DB00BBAE82 /* ProductListView.swift */; };
		0BAC552F28DBCAAC00BBAE82 /* CheckBoxButton.swift in Sources */ = {isa = PBXBuildFile; fileRef = 0BAC552E28DBCAAC00BBAE82 /* CheckBoxButton.swift */; };
		0BAC553228DBEA3F00BBAE82 /* Repository.swift in Sources */ = {isa = PBXBuildFile; fileRef = 0BAC553128DBEA3F00BBAE82 /* Repository.swift */; };
		0BB9C68A28DC601D00722A0F /* SQLite in Frameworks */ = {isa = PBXBuildFile; productRef = 0BB9C68928DC601D00722A0F /* SQLite */; };
/* End PBXBuildFile section */

/* Begin PBXFileReference section */
		0B6EB9AC28DA88FF008E63EC /* EditReelView.swift */ = {isa = PBXFileReference; lastKnownFileType = sourcecode.swift; path = EditReelView.swift; sourceTree = "<group>"; };
		0B6EB9AE28DAFCA2008E63EC /* EditReelView-ViewModel.swift */ = {isa = PBXFileReference; lastKnownFileType = sourcecode.swift; path = "EditReelView-ViewModel.swift"; sourceTree = "<group>"; };
		0B96D2EB28D9461B00932B72 /* TheList.app */ = {isa = PBXFileReference; explicitFileType = wrapper.application; includeInIndex = 0; path = TheList.app; sourceTree = BUILT_PRODUCTS_DIR; };
		0B96D2EE28D9461B00932B72 /* TheListApp.swift */ = {isa = PBXFileReference; lastKnownFileType = sourcecode.swift; path = TheListApp.swift; sourceTree = "<group>"; };
		0B96D2F028D9461B00932B72 /* ContentView.swift */ = {isa = PBXFileReference; lastKnownFileType = sourcecode.swift; path = ContentView.swift; sourceTree = "<group>"; };
		0B96D2F228D9461C00932B72 /* Assets.xcassets */ = {isa = PBXFileReference; lastKnownFileType = folder.assetcatalog; path = Assets.xcassets; sourceTree = "<group>"; };
		0B96D2F528D9461C00932B72 /* Preview Assets.xcassets */ = {isa = PBXFileReference; lastKnownFileType = folder.assetcatalog; path = "Preview Assets.xcassets"; sourceTree = "<group>"; };
		0B96D2FA28D9461C00932B72 /* TheList.xcdatamodel */ = {isa = PBXFileReference; lastKnownFileType = wrapper.xcdatamodel; path = TheList.xcdatamodel; sourceTree = "<group>"; };
		0B96D30128D9537700932B72 /* NavButton.swift */ = {isa = PBXFileReference; lastKnownFileType = sourcecode.swift; path = NavButton.swift; sourceTree = "<group>"; };
		0B96D30328D974F700932B72 /* FloatingButton.swift */ = {isa = PBXFileReference; lastKnownFileType = sourcecode.swift; path = FloatingButton.swift; sourceTree = "<group>"; };
		0B96D30528D97D9700932B72 /* MissionControlButton.swift */ = {isa = PBXFileReference; lastKnownFileType = sourcecode.swift; path = MissionControlButton.swift; sourceTree = "<group>"; };
		0B96D30B28D9B20200932B72 /* ReelCameraViewController.swift */ = {isa = PBXFileReference; lastKnownFileType = sourcecode.swift; path = ReelCameraViewController.swift; sourceTree = "<group>"; };
		0B96D30E28D9B28900932B72 /* CameraService.swift */ = {isa = PBXFileReference; lastKnownFileType = sourcecode.swift; path = CameraService.swift; sourceTree = "<group>"; };
		0B96D31028D9BDC200932B72 /* CameraView.swift */ = {isa = PBXFileReference; lastKnownFileType = sourcecode.swift; path = CameraView.swift; sourceTree = "<group>"; };
		0B96D31228D9E3E200932B72 /* Info.plist */ = {isa = PBXFileReference; lastKnownFileType = text.plist; path = Info.plist; sourceTree = "<group>"; };
		0B96D31328DA147900932B72 /* ContentView-ViewModel.swift */ = {isa = PBXFileReference; lastKnownFileType = sourcecode.swift; path = "ContentView-ViewModel.swift"; sourceTree = "<group>"; };
		0B96D31528DA18B600932B72 /* CameraView-ViewModel.swift */ = {isa = PBXFileReference; lastKnownFileType = sourcecode.swift; path = "CameraView-ViewModel.swift"; sourceTree = "<group>"; };
		0BAC551128DB109100BBAE82 /* Reel.swift */ = {isa = PBXFileReference; lastKnownFileType = sourcecode.swift; path = Reel.swift; sourceTree = "<group>"; };
		0BAC551328DB116500BBAE82 /* LinkedProduct.swift */ = {isa = PBXFileReference; lastKnownFileType = sourcecode.swift; path = LinkedProduct.swift; sourceTree = "<group>"; };
		0BAC551528DB117400BBAE82 /* Product.swift */ = {isa = PBXFileReference; lastKnownFileType = sourcecode.swift; path = Product.swift; sourceTree = "<group>"; };
		0BAC551828DB171600BBAE82 /* API-Constants.swift */ = {isa = PBXFileReference; lastKnownFileType = sourcecode.swift; path = "API-Constants.swift"; sourceTree = "<group>"; };
		0BAC551A28DB3C6A00BBAE82 /* ViewExtensions.swift */ = {isa = PBXFileReference; lastKnownFileType = sourcecode.swift; path = ViewExtensions.swift; sourceTree = "<group>"; };
		0BAC551C28DB44E400BBAE82 /* EditReelDescriptionView.swift */ = {isa = PBXFileReference; lastKnownFileType = sourcecode.swift; path = EditReelDescriptionView.swift; sourceTree = "<group>"; };
		0BAC552228DB712700BBAE82 /* TapToRemoveKeyboard.swift */ = {isa = PBXFileReference; lastKnownFileType = sourcecode.swift; path = TapToRemoveKeyboard.swift; sourceTree = "<group>"; };
		0BAC552428DB714000BBAE82 /* ViewControllerHolder.swift */ = {isa = PBXFileReference; lastKnownFileType = sourcecode.swift; path = ViewControllerHolder.swift; sourceTree = "<group>"; };
		0BAC552628DB93A500BBAE82 /* TextEditorExtension.swift */ = {isa = PBXFileReference; lastKnownFileType = sourcecode.swift; name = TextEditorExtension.swift; path = TheList/Reels/TextEditorExtension.swift; sourceTree = SOURCE_ROOT; };
		0BAC552928DBC7D600BBAE82 /* ProductListView-ViewModel.swift */ = {isa = PBXFileReference; lastKnownFileType = sourcecode.swift; path = "ProductListView-ViewModel.swift"; sourceTree = "<group>"; };
		0BAC552C28DBC8DB00BBAE82 /* ProductListView.swift */ = {isa = PBXFileReference; lastKnownFileType = sourcecode.swift; path = ProductListView.swift; sourceTree = "<group>"; };
		0BAC552E28DBCAAC00BBAE82 /* CheckBoxButton.swift */ = {isa = PBXFileReference; lastKnownFileType = sourcecode.swift; path = CheckBoxButton.swift; sourceTree = "<group>"; };
		0BAC553128DBEA3F00BBAE82 /* Repository.swift */ = {isa = PBXFileReference; lastKnownFileType = sourcecode.swift; path = Repository.swift; sourceTree = "<group>"; };
/* End PBXFileReference section */

/* Begin PBXFrameworksBuildPhase section */
		0B96D2E828D9461B00932B72 /* Frameworks */ = {
			isa = PBXFrameworksBuildPhase;
			buildActionMask = 2147483647;
			files = (
				0BB9C68A28DC601D00722A0F /* SQLite in Frameworks */,
			);
			runOnlyForDeploymentPostprocessing = 0;
		};
/* End PBXFrameworksBuildPhase section */

/* Begin PBXGroup section */
		0B96D2E228D9461B00932B72 = {
			isa = PBXGroup;
			children = (
				0B96D2ED28D9461B00932B72 /* TheList */,
				0B96D2EC28D9461B00932B72 /* Products */,
			);
			sourceTree = "<group>";
		};
		0B96D2EC28D9461B00932B72 /* Products */ = {
			isa = PBXGroup;
			children = (
				0B96D2EB28D9461B00932B72 /* TheList.app */,
			);
			name = Products;
			sourceTree = "<group>";
		};
		0B96D2ED28D9461B00932B72 /* TheList */ = {
			isa = PBXGroup;
			children = (
				0B96D2F928D9461C00932B72 /* TheList.xcdatamodeld */,
				0B96D31228D9E3E200932B72 /* Info.plist */,
				0B96D2EE28D9461B00932B72 /* TheListApp.swift */,
				0B96D2F228D9461C00932B72 /* Assets.xcassets */,
				0BAC553028DBEA2200BBAE82 /* Data */,
				0B96D2F428D9461C00932B72 /* Preview Content */,
				0BAC551728DB170000BBAE82 /* Constants */,
				0B96D30828D9B1AD00932B72 /* CustomViews */,
				0BAC551F28DB50F700BBAE82 /* Extensions */,
				0BAC552B28DBC88C00BBAE82 /* Products */,
				0B96D30D28D9B26500932B72 /* Reels */,
				0BAC551E28DB50BA00BBAE82 /* Store */,
			);
			path = TheList;
			sourceTree = "<group>";
		};
		0B96D2F428D9461C00932B72 /* Preview Content */ = {
			isa = PBXGroup;
			children = (
				0B96D2F528D9461C00932B72 /* Preview Assets.xcassets */,
			);
			path = "Preview Content";
			sourceTree = "<group>";
		};
		0B96D30828D9B1AD00932B72 /* CustomViews */ = {
			isa = PBXGroup;
			children = (
				0B96D30128D9537700932B72 /* NavButton.swift */,
				0B96D30528D97D9700932B72 /* MissionControlButton.swift */,
				0B96D30328D974F700932B72 /* FloatingButton.swift */,
				0BAC552E28DBCAAC00BBAE82 /* CheckBoxButton.swift */,
			);
			path = CustomViews;
			sourceTree = "<group>";
		};
		0B96D30D28D9B26500932B72 /* Reels */ = {
			isa = PBXGroup;
			children = (
				0BAC551328DB116500BBAE82 /* LinkedProduct.swift */,
				0BAC551128DB109100BBAE82 /* Reel.swift */,
				0B96D30B28D9B20200932B72 /* ReelCameraViewController.swift */,
				0B96D31028D9BDC200932B72 /* CameraView.swift */,
				0B6EB9AC28DA88FF008E63EC /* EditReelView.swift */,
				0BAC551C28DB44E400BBAE82 /* EditReelDescriptionView.swift */,
				0BAC552628DB93A500BBAE82 /* TextEditorExtension.swift */,
				0B96D31528DA18B600932B72 /* CameraView-ViewModel.swift */,
				0B6EB9AE28DAFCA2008E63EC /* EditReelView-ViewModel.swift */,
				0B96D30E28D9B28900932B72 /* CameraService.swift */,
			);
			path = Reels;
			sourceTree = "<group>";
		};
		0BAC551728DB170000BBAE82 /* Constants */ = {
			isa = PBXGroup;
			children = (
				0BAC551828DB171600BBAE82 /* API-Constants.swift */,
			);
			path = Constants;
			sourceTree = "<group>";
		};
		0BAC551E28DB50BA00BBAE82 /* Store */ = {
			isa = PBXGroup;
			children = (
				0B96D2F028D9461B00932B72 /* ContentView.swift */,
				0B96D31328DA147900932B72 /* ContentView-ViewModel.swift */,
			);
			path = Store;
			sourceTree = "<group>";
		};
		0BAC551F28DB50F700BBAE82 /* Extensions */ = {
			isa = PBXGroup;
			children = (
				0BAC551A28DB3C6A00BBAE82 /* ViewExtensions.swift */,
				0BAC552228DB712700BBAE82 /* TapToRemoveKeyboard.swift */,
				0BAC552428DB714000BBAE82 /* ViewControllerHolder.swift */,
			);
			path = Extensions;
			sourceTree = "<group>";
		};
		0BAC552B28DBC88C00BBAE82 /* Products */ = {
			isa = PBXGroup;
			children = (
				0BAC552928DBC7D600BBAE82 /* ProductListView-ViewModel.swift */,
				0BAC551528DB117400BBAE82 /* Product.swift */,
				0BAC552C28DBC8DB00BBAE82 /* ProductListView.swift */,
			);
			path = Products;
			sourceTree = "<group>";
		};
		0BAC553028DBEA2200BBAE82 /* Data */ = {
			isa = PBXGroup;
			children = (
				0BAC553128DBEA3F00BBAE82 /* Repository.swift */,
			);
			path = Data;
			sourceTree = "<group>";
		};
/* End PBXGroup section */

/* Begin PBXNativeTarget section */
		0B96D2EA28D9461B00932B72 /* TheList */ = {
			isa = PBXNativeTarget;
			buildConfigurationList = 0B96D2FE28D9461C00932B72 /* Build configuration list for PBXNativeTarget "TheList" */;
			buildPhases = (
				0B96D2E728D9461B00932B72 /* Sources */,
				0B96D2E828D9461B00932B72 /* Frameworks */,
				0B96D2E928D9461B00932B72 /* Resources */,
			);
			buildRules = (
			);
			dependencies = (
			);
			name = TheList;
			packageProductDependencies = (
				0BB9C68928DC601D00722A0F /* SQLite */,
			);
			productName = TheList;
			productReference = 0B96D2EB28D9461B00932B72 /* TheList.app */;
			productType = "com.apple.product-type.application";
		};
/* End PBXNativeTarget section */

/* Begin PBXProject section */
		0B96D2E328D9461B00932B72 /* Project object */ = {
			isa = PBXProject;
			attributes = {
				BuildIndependentTargetsInParallel = 1;
				LastSwiftUpdateCheck = 1340;
				LastUpgradeCheck = 1340;
				TargetAttributes = {
					0B96D2EA28D9461B00932B72 = {
						CreatedOnToolsVersion = 13.4.1;
					};
				};
			};
			buildConfigurationList = 0B96D2E628D9461B00932B72 /* Build configuration list for PBXProject "TheList" */;
			compatibilityVersion = "Xcode 13.0";
			developmentRegion = en;
			hasScannedForEncodings = 0;
			knownRegions = (
				en,
				Base,
			);
			mainGroup = 0B96D2E228D9461B00932B72;
			packageReferences = (
				0BB9C68828DC601D00722A0F /* XCRemoteSwiftPackageReference "SQLite.swift" */,
			);
			productRefGroup = 0B96D2EC28D9461B00932B72 /* Products */;
			projectDirPath = "";
			projectRoot = "";
			targets = (
				0B96D2EA28D9461B00932B72 /* TheList */,
			);
		};
/* End PBXProject section */

/* Begin PBXResourcesBuildPhase section */
		0B96D2E928D9461B00932B72 /* Resources */ = {
			isa = PBXResourcesBuildPhase;
			buildActionMask = 2147483647;
			files = (
				0B96D2F628D9461C00932B72 /* Preview Assets.xcassets in Resources */,
				0B96D2F328D9461C00932B72 /* Assets.xcassets in Resources */,
			);
			runOnlyForDeploymentPostprocessing = 0;
		};
/* End PBXResourcesBuildPhase section */

/* Begin PBXSourcesBuildPhase section */
		0B96D2E728D9461B00932B72 /* Sources */ = {
			isa = PBXSourcesBuildPhase;
			buildActionMask = 2147483647;
			files = (
				0BAC552D28DBC8DB00BBAE82 /* ProductListView.swift in Sources */,
				0B96D30F28D9B28900932B72 /* CameraService.swift in Sources */,
				0BAC552F28DBCAAC00BBAE82 /* CheckBoxButton.swift in Sources */,
				0BAC553228DBEA3F00BBAE82 /* Repository.swift in Sources */,
				0BAC551228DB109100BBAE82 /* Reel.swift in Sources */,
				0BAC551928DB171600BBAE82 /* API-Constants.swift in Sources */,
				0B96D30C28D9B20200932B72 /* ReelCameraViewController.swift in Sources */,
				0BAC551B28DB3C6A00BBAE82 /* ViewExtensions.swift in Sources */,
				0B6EB9AD28DA88FF008E63EC /* EditReelView.swift in Sources */,
				0B96D30628D97D9700932B72 /* MissionControlButton.swift in Sources */,
				0B96D31128D9BDC200932B72 /* CameraView.swift in Sources */,
				0B96D2FB28D9461C00932B72 /* TheList.xcdatamodeld in Sources */,
				0B96D2F128D9461B00932B72 /* ContentView.swift in Sources */,
				0BAC552A28DBC7D600BBAE82 /* ProductListView-ViewModel.swift in Sources */,
				0BAC551428DB116500BBAE82 /* LinkedProduct.swift in Sources */,
				0BAC552528DB714000BBAE82 /* ViewControllerHolder.swift in Sources */,
				0BAC551628DB117400BBAE82 /* Product.swift in Sources */,
				0B96D2EF28D9461B00932B72 /* TheListApp.swift in Sources */,
				0BAC551D28DB44E400BBAE82 /* EditReelDescriptionView.swift in Sources */,
				0B96D31428DA147900932B72 /* ContentView-ViewModel.swift in Sources */,
				0B96D31628DA18B600932B72 /* CameraView-ViewModel.swift in Sources */,
				0B96D30228D9537700932B72 /* NavButton.swift in Sources */,
				0B96D30428D974F700932B72 /* FloatingButton.swift in Sources */,
				0B6EB9AF28DAFCA2008E63EC /* EditReelView-ViewModel.swift in Sources */,
				0BAC552328DB712700BBAE82 /* TapToRemoveKeyboard.swift in Sources */,
				0BAC552728DB93A500BBAE82 /* TextEditorExtension.swift in Sources */,
			);
			runOnlyForDeploymentPostprocessing = 0;
		};
/* End PBXSourcesBuildPhase section */

/* Begin XCBuildConfiguration section */
		0B96D2FC28D9461C00932B72 /* Debug */ = {
			isa = XCBuildConfiguration;
			buildSettings = {
				ALWAYS_SEARCH_USER_PATHS = NO;
				CLANG_ANALYZER_NONNULL = YES;
				CLANG_ANALYZER_NUMBER_OBJECT_CONVERSION = YES_AGGRESSIVE;
				CLANG_CXX_LANGUAGE_STANDARD = "gnu++17";
				CLANG_ENABLE_MODULES = YES;
				CLANG_ENABLE_OBJC_ARC = YES;
				CLANG_ENABLE_OBJC_WEAK = YES;
				CLANG_WARN_BLOCK_CAPTURE_AUTORELEASING = YES;
				CLANG_WARN_BOOL_CONVERSION = YES;
				CLANG_WARN_COMMA = YES;
				CLANG_WARN_CONSTANT_CONVERSION = YES;
				CLANG_WARN_DEPRECATED_OBJC_IMPLEMENTATIONS = YES;
				CLANG_WARN_DIRECT_OBJC_ISA_USAGE = YES_ERROR;
				CLANG_WARN_DOCUMENTATION_COMMENTS = YES;
				CLANG_WARN_EMPTY_BODY = YES;
				CLANG_WARN_ENUM_CONVERSION = YES;
				CLANG_WARN_INFINITE_RECURSION = YES;
				CLANG_WARN_INT_CONVERSION = YES;
				CLANG_WARN_NON_LITERAL_NULL_CONVERSION = YES;
				CLANG_WARN_OBJC_IMPLICIT_RETAIN_SELF = YES;
				CLANG_WARN_OBJC_LITERAL_CONVERSION = YES;
				CLANG_WARN_OBJC_ROOT_CLASS = YES_ERROR;
				CLANG_WARN_QUOTED_INCLUDE_IN_FRAMEWORK_HEADER = YES;
				CLANG_WARN_RANGE_LOOP_ANALYSIS = YES;
				CLANG_WARN_STRICT_PROTOTYPES = YES;
				CLANG_WARN_SUSPICIOUS_MOVE = YES;
				CLANG_WARN_UNGUARDED_AVAILABILITY = YES_AGGRESSIVE;
				CLANG_WARN_UNREACHABLE_CODE = YES;
				CLANG_WARN__DUPLICATE_METHOD_MATCH = YES;
				COPY_PHASE_STRIP = NO;
				DEBUG_INFORMATION_FORMAT = dwarf;
				ENABLE_STRICT_OBJC_MSGSEND = YES;
				ENABLE_TESTABILITY = YES;
				GCC_C_LANGUAGE_STANDARD = gnu11;
				GCC_DYNAMIC_NO_PIC = NO;
				GCC_NO_COMMON_BLOCKS = YES;
				GCC_OPTIMIZATION_LEVEL = 0;
				GCC_PREPROCESSOR_DEFINITIONS = (
					"DEBUG=1",
					"$(inherited)",
				);
				GCC_WARN_64_TO_32_BIT_CONVERSION = YES;
				GCC_WARN_ABOUT_RETURN_TYPE = YES_ERROR;
				GCC_WARN_UNDECLARED_SELECTOR = YES;
				GCC_WARN_UNINITIALIZED_AUTOS = YES_AGGRESSIVE;
				GCC_WARN_UNUSED_FUNCTION = YES;
				GCC_WARN_UNUSED_VARIABLE = YES;
				IPHONEOS_DEPLOYMENT_TARGET = 15.5;
				MTL_ENABLE_DEBUG_INFO = INCLUDE_SOURCE;
				MTL_FAST_MATH = YES;
				ONLY_ACTIVE_ARCH = YES;
				SDKROOT = iphoneos;
				SWIFT_ACTIVE_COMPILATION_CONDITIONS = DEBUG;
				SWIFT_OPTIMIZATION_LEVEL = "-Onone";
			};
			name = Debug;
		};
		0B96D2FD28D9461C00932B72 /* Release */ = {
			isa = XCBuildConfiguration;
			buildSettings = {
				ALWAYS_SEARCH_USER_PATHS = NO;
				CLANG_ANALYZER_NONNULL = YES;
				CLANG_ANALYZER_NUMBER_OBJECT_CONVERSION = YES_AGGRESSIVE;
				CLANG_CXX_LANGUAGE_STANDARD = "gnu++17";
				CLANG_ENABLE_MODULES = YES;
				CLANG_ENABLE_OBJC_ARC = YES;
				CLANG_ENABLE_OBJC_WEAK = YES;
				CLANG_WARN_BLOCK_CAPTURE_AUTORELEASING = YES;
				CLANG_WARN_BOOL_CONVERSION = YES;
				CLANG_WARN_COMMA = YES;
				CLANG_WARN_CONSTANT_CONVERSION = YES;
				CLANG_WARN_DEPRECATED_OBJC_IMPLEMENTATIONS = YES;
				CLANG_WARN_DIRECT_OBJC_ISA_USAGE = YES_ERROR;
				CLANG_WARN_DOCUMENTATION_COMMENTS = YES;
				CLANG_WARN_EMPTY_BODY = YES;
				CLANG_WARN_ENUM_CONVERSION = YES;
				CLANG_WARN_INFINITE_RECURSION = YES;
				CLANG_WARN_INT_CONVERSION = YES;
				CLANG_WARN_NON_LITERAL_NULL_CONVERSION = YES;
				CLANG_WARN_OBJC_IMPLICIT_RETAIN_SELF = YES;
				CLANG_WARN_OBJC_LITERAL_CONVERSION = YES;
				CLANG_WARN_OBJC_ROOT_CLASS = YES_ERROR;
				CLANG_WARN_QUOTED_INCLUDE_IN_FRAMEWORK_HEADER = YES;
				CLANG_WARN_RANGE_LOOP_ANALYSIS = YES;
				CLANG_WARN_STRICT_PROTOTYPES = YES;
				CLANG_WARN_SUSPICIOUS_MOVE = YES;
				CLANG_WARN_UNGUARDED_AVAILABILITY = YES_AGGRESSIVE;
				CLANG_WARN_UNREACHABLE_CODE = YES;
				CLANG_WARN__DUPLICATE_METHOD_MATCH = YES;
				COPY_PHASE_STRIP = NO;
				DEBUG_INFORMATION_FORMAT = "dwarf-with-dsym";
				ENABLE_NS_ASSERTIONS = NO;
				ENABLE_STRICT_OBJC_MSGSEND = YES;
				GCC_C_LANGUAGE_STANDARD = gnu11;
				GCC_NO_COMMON_BLOCKS = YES;
				GCC_WARN_64_TO_32_BIT_CONVERSION = YES;
				GCC_WARN_ABOUT_RETURN_TYPE = YES_ERROR;
				GCC_WARN_UNDECLARED_SELECTOR = YES;
				GCC_WARN_UNINITIALIZED_AUTOS = YES_AGGRESSIVE;
				GCC_WARN_UNUSED_FUNCTION = YES;
				GCC_WARN_UNUSED_VARIABLE = YES;
				IPHONEOS_DEPLOYMENT_TARGET = 15.5;
				MTL_ENABLE_DEBUG_INFO = NO;
				MTL_FAST_MATH = YES;
				SDKROOT = iphoneos;
				SWIFT_COMPILATION_MODE = wholemodule;
				SWIFT_OPTIMIZATION_LEVEL = "-O";
				VALIDATE_PRODUCT = YES;
			};
			name = Release;
		};
		0B96D2FF28D9461C00932B72 /* Debug */ = {
			isa = XCBuildConfiguration;
			buildSettings = {
				ASSETCATALOG_COMPILER_APPICON_NAME = AppIcon;
				ASSETCATALOG_COMPILER_GLOBAL_ACCENT_COLOR_NAME = AccentColor;
				CODE_SIGN_IDENTITY = "iPhone Developer";
				CODE_SIGN_STYLE = Manual;
				CURRENT_PROJECT_VERSION = 1;
				DEVELOPMENT_ASSET_PATHS = "\"TheList/Preview Content\"";
				DEVELOPMENT_TEAM = VLNDXWWGRC;
				ENABLE_PREVIEWS = YES;
				GENERATE_INFOPLIST_FILE = YES;
				INFOPLIST_FILE = TheList/Info.plist;
				INFOPLIST_KEY_NSCameraUsageDescription = "The List App request access to Camera to take photos";
				INFOPLIST_KEY_UIApplicationSceneManifest_Generation = YES;
				INFOPLIST_KEY_UIApplicationSupportsIndirectInputEvents = YES;
				INFOPLIST_KEY_UILaunchScreen_Generation = YES;
				INFOPLIST_KEY_UISupportedInterfaceOrientations_iPad = "UIInterfaceOrientationPortrait UIInterfaceOrientationPortraitUpsideDown UIInterfaceOrientationLandscapeLeft UIInterfaceOrientationLandscapeRight";
				INFOPLIST_KEY_UISupportedInterfaceOrientations_iPhone = "UIInterfaceOrientationPortrait UIInterfaceOrientationLandscapeLeft UIInterfaceOrientationLandscapeRight";
				LD_RUNPATH_SEARCH_PATHS = (
					"$(inherited)",
					"@executable_path/Frameworks",
				);
				MARKETING_VERSION = 1.0;
				PRODUCT_BUNDLE_IDENTIFIER = com.accede.dev;
				PRODUCT_NAME = "$(TARGET_NAME)";
				PROVISIONING_PROFILE_SPECIFIER = "NotForgotten-Dev";
				SWIFT_EMIT_LOC_STRINGS = YES;
				SWIFT_VERSION = 5.0;
				TARGETED_DEVICE_FAMILY = "1,2";
			};
			name = Debug;
		};
		0B96D30028D9461C00932B72 /* Release */ = {
			isa = XCBuildConfiguration;
			buildSettings = {
				ASSETCATALOG_COMPILER_APPICON_NAME = AppIcon;
				ASSETCATALOG_COMPILER_GLOBAL_ACCENT_COLOR_NAME = AccentColor;
				CODE_SIGN_IDENTITY = "iPhone Developer";
				CODE_SIGN_STYLE = Manual;
				CURRENT_PROJECT_VERSION = 1;
				DEVELOPMENT_ASSET_PATHS = "\"TheList/Preview Content\"";
				DEVELOPMENT_TEAM = VLNDXWWGRC;
				ENABLE_PREVIEWS = YES;
				GENERATE_INFOPLIST_FILE = YES;
				INFOPLIST_FILE = TheList/Info.plist;
				INFOPLIST_KEY_NSCameraUsageDescription = "The List App request access to Camera to take photos";
				INFOPLIST_KEY_UIApplicationSceneManifest_Generation = YES;
				INFOPLIST_KEY_UIApplicationSupportsIndirectInputEvents = YES;
				INFOPLIST_KEY_UILaunchScreen_Generation = YES;
				INFOPLIST_KEY_UISupportedInterfaceOrientations_iPad = "UIInterfaceOrientationPortrait UIInterfaceOrientationPortraitUpsideDown UIInterfaceOrientationLandscapeLeft UIInterfaceOrientationLandscapeRight";
				INFOPLIST_KEY_UISupportedInterfaceOrientations_iPhone = "UIInterfaceOrientationPortrait UIInterfaceOrientationLandscapeLeft UIInterfaceOrientationLandscapeRight";
				LD_RUNPATH_SEARCH_PATHS = (
					"$(inherited)",
					"@executable_path/Frameworks",
				);
				MARKETING_VERSION = 1.0;
				PRODUCT_BUNDLE_IDENTIFIER = com.accede.dev;
				PRODUCT_NAME = "$(TARGET_NAME)";
				PROVISIONING_PROFILE_SPECIFIER = "NotForgotten-Dev";
				SWIFT_EMIT_LOC_STRINGS = YES;
				SWIFT_VERSION = 5.0;
				TARGETED_DEVICE_FAMILY = "1,2";
			};
			name = Release;
		};
/* End XCBuildConfiguration section */

/* Begin XCConfigurationList section */
		0B96D2E628D9461B00932B72 /* Build configuration list for PBXProject "TheList" */ = {
			isa = XCConfigurationList;
			buildConfigurations = (
				0B96D2FC28D9461C00932B72 /* Debug */,
				0B96D2FD28D9461C00932B72 /* Release */,
			);
			defaultConfigurationIsVisible = 0;
			defaultConfigurationName = Release;
		};
		0B96D2FE28D9461C00932B72 /* Build configuration list for PBXNativeTarget "TheList" */ = {
			isa = XCConfigurationList;
			buildConfigurations = (
				0B96D2FF28D9461C00932B72 /* Debug */,
				0B96D30028D9461C00932B72 /* Release */,
			);
			defaultConfigurationIsVisible = 0;
			defaultConfigurationName = Release;
		};
/* End XCConfigurationList section */

/* Begin XCRemoteSwiftPackageReference section */
		0BB9C68828DC601D00722A0F /* XCRemoteSwiftPackageReference "SQLite.swift" */ = {
			isa = XCRemoteSwiftPackageReference;
			repositoryURL = "https://github.com/stephencelis/SQLite.swift.git";
			requirement = {
				kind = upToNextMajorVersion;
				minimumVersion = 0.9.2;
			};
		};
/* End XCRemoteSwiftPackageReference section */

/* Begin XCSwiftPackageProductDependency section */
		0BB9C68928DC601D00722A0F /* SQLite */ = {
			isa = XCSwiftPackageProductDependency;
			package = 0BB9C68828DC601D00722A0F /* XCRemoteSwiftPackageReference "SQLite.swift" */;
			productName = SQLite;
		};
/* End XCSwiftPackageProductDependency section */

/* Begin XCVersionGroup section */
		0B96D2F928D9461C00932B72 /* TheList.xcdatamodeld */ = {
			isa = XCVersionGroup;
			children = (
				0B96D2FA28D9461C00932B72 /* TheList.xcdatamodel */,
			);
			currentVersion = 0B96D2FA28D9461C00932B72 /* TheList.xcdatamodel */;
			path = TheList.xcdatamodeld;
			sourceTree = "<group>";
			versionGroupType = wrapper.xcdatamodel;
		};
/* End XCVersionGroup section */
	};
	rootObject = 0B96D2E328D9461B00932B72 /* Project object */;
}
